{
  "name": "R-Spire_JS",
  "lockfileVersion": 3,
  "requires": true,
  "packages": {
    "": {
      "dependencies": {
        "@fontsource/space-mono": "^5.0.19"
      }
    },
    "node_modules/@fontsource/space-mono": {
      "version": "5.0.19",
      "resolved": "https://registry.npmjs.org/@fontsource/space-mono/-/space-mono-5.0.19.tgz",
      "integrity": "sha512-gz9yaKtXCY+HutNvQ4APc15xwZ1f6pWXve5N55x5m/hOoGqgB9Auf3l7CitHNhNJkSKEmaM45M29b0rFeudXlg=="
    }
  }
}
